
Microsoft Visual Studio Solution File, Format Version 12.00
# Visual Studio Version 16
VisualStudioVersion = 16.0.32126.315
MinimumVisualStudioVersion = 10.0.40219.1
Project("{FAE04EC0-301F-11D3-BF4B-00C04F79EFBC}") = "HolePlugin", "HolePlugin\HolePlugin.csproj", "{D6294CE0-654C-443B-87BD-F3C9B07F1733}"
EndProject
Global
	GlobalSection(SolutionConfigurationPlatforms) = preSolution
		Debug|Any CPU = Debug|Any CPU
		Release|Any CPU = Release|Any CPU
	EndGlobalSection
	GlobalSection(ProjectConfigurationPlatforms) = postSolution
		{D6294CE0-654C-443B-87BD-F3C9B07F1733}.Debug|Any CPU.ActiveCfg = Debug|Any CPU
		{D6294CE0-654C-443B-87BD-F3C9B07F1733}.Debug|Any CPU.Build.0 = Debug|Any CPU
		{D6294CE0-654C-443B-87BD-F3C9B07F1733}.Release|Any CPU.ActiveCfg = Release|Any CPU
		{D6294CE0-654C-443B-87BD-F3C9B07F1733}.Release|Any CPU.Build.0 = Release|Any CPU
	EndGlobalSection
	GlobalSection(SolutionProperties) = preSolution
		HideSolutionNode = FALSE
	EndGlobalSection
	GlobalSection(ExtensibilityGlobals) = postSolution
		SolutionGuid = {D5EF3FDA-FE59-4432-9C7B-B1351B434874}
	EndGlobalSection
EndGlobal
